
Microsoft Visual Studio Solution File, Format Version 12.00
# Visual Studio Version 17
VisualStudioVersion = 17.1.32210.238
MinimumVisualStudioVersion = 10.0.40219.1
Project("{FAE04EC0-301F-11D3-BF4B-00C04F79EFBC}") = "Arrays", "Arrays\Arrays.csproj", "{1B075DE9-9729-4126-9BE7-016A32E23264}"
EndProject
Global
	GlobalSection(SolutionConfigurationPlatforms) = preSolution
		Debug|Any CPU = Debug|Any CPU
		Release|Any CPU = Release|Any CPU
	EndGlobalSection
	GlobalSection(ProjectConfigurationPlatforms) = postSolution
		{1B075DE9-9729-4126-9BE7-016A32E23264}.Debug|Any CPU.ActiveCfg = Debug|Any CPU
		{1B075DE9-9729-4126-9BE7-016A32E23264}.Debug|Any CPU.Build.0 = Debug|Any CPU
		{1B075DE9-9729-4126-9BE7-016A32E23264}.Release|Any CPU.ActiveCfg = Release|Any CPU
		{1B075DE9-9729-4126-9BE7-016A32E23264}.Release|Any CPU.Build.0 = Release|Any CPU
	EndGlobalSection
	GlobalSection(SolutionProperties) = preSolution
		HideSolutionNode = FALSE
	EndGlobalSection
	GlobalSection(ExtensibilityGlobals) = postSolution
		SolutionGuid = {74DAD16C-B462-4BB9-869A-8B6AA14C49FE}
	EndGlobalSection
EndGlobal
